{
	"name": "@zgriesinger/utils",
	"version": "1.0.0",
	"lockfileVersion": 1,
	"requires": true,
	"dependencies": {
		"lodash": {
			"version": "4.17.18",
			"resolved": "https://registry.npmjs.org/lodash/-/lodash-4.17.18.tgz",
			"integrity": "sha512-au4L1q0HKcaaa37qOdpWWhwzDnB/taYJfRiKULnaT+Ml9UaBIjJ2SOJMeLtSeeLT+zUdyFMm0+ts+j4eeuUpIA=="
		}
	}
}
